// !$*UTF8*$!
{
	archiveVersion = 1;
	classes = {
	};
	objectVersion = 56;
	objects = {

/* Begin PBXBuildFile section */
		0F79B01B292A0385009F57AE /* AuthViewModel.swift in Sources */ = {isa = PBXBuildFile; fileRef = 0F79B01A292A0385009F57AE /* AuthViewModel.swift */; };
		0F79B01D292A038A009F57AE /* User.swift in Sources */ = {isa = PBXBuildFile; fileRef = 0F79B01C292A038A009F57AE /* User.swift */; };
		0F79B020292A0AF8009F57AE /* AuthServices.swift in Sources */ = {isa = PBXBuildFile; fileRef = 0F79B01F292A0AF8009F57AE /* AuthServices.swift */; };
		0F79B023292A4307009F57AE /* Tweet.swift in Sources */ = {isa = PBXBuildFile; fileRef = 0F79B022292A4307009F57AE /* Tweet.swift */; };
		0F79B026292A43EE009F57AE /* CreateTweetViewModel.swift in Sources */ = {isa = PBXBuildFile; fileRef = 0F79B025292A43EE009F57AE /* CreateTweetViewModel.swift */; };
		0F79B028292A44A9009F57AE /* RequestServices.swift in Sources */ = {isa = PBXBuildFile; fileRef = 0F79B027292A44A9009F57AE /* RequestServices.swift */; };
		0F79B05A292E4CFB009F57AE /* ImagePicker.swift in Sources */ = {isa = PBXBuildFile; fileRef = 0F79B059292E4CFB009F57AE /* ImagePicker.swift */; };
		0F79B05C292E54AF009F57AE /* ImageUploader.swift in Sources */ = {isa = PBXBuildFile; fileRef = 0F79B05B292E54AF009F57AE /* ImageUploader.swift */; };
		0F79B05F292E68AD009F57AE /* FeedViewModel.swift in Sources */ = {isa = PBXBuildFile; fileRef = 0F79B05E292E68AD009F57AE /* FeedViewModel.swift */; };
		0F79B061292E6DDC009F57AE /* TweetCellViewModel.swift in Sources */ = {isa = PBXBuildFile; fileRef = 0F79B060292E6DDC009F57AE /* TweetCellViewModel.swift */; };
		0F79B064292E706C009F57AE /* Kingfisher in Frameworks */ = {isa = PBXBuildFile; productRef = 0F79B063292E706C009F57AE /* Kingfisher */; };
		0FD74B67291D47950006684E /* Twitter_CloneSwiftUIApp.swift in Sources */ = {isa = PBXBuildFile; fileRef = 0FD74B66291D47950006684E /* Twitter_CloneSwiftUIApp.swift */; };
		0FD74B69291D47950006684E /* ContentView.swift in Sources */ = {isa = PBXBuildFile; fileRef = 0FD74B68291D47950006684E /* ContentView.swift */; };
		0FD74B6B291D47950006684E /* Assets.xcassets in Resources */ = {isa = PBXBuildFile; fileRef = 0FD74B6A291D47950006684E /* Assets.xcassets */; };
		0FD74B6E291D47950006684E /* Preview Assets.xcassets in Resources */ = {isa = PBXBuildFile; fileRef = 0FD74B6D291D47950006684E /* Preview Assets.xcassets */; };
		0FD74B84291D48540006684E /* Home.swift in Sources */ = {isa = PBXBuildFile; fileRef = 0FD74B83291D48540006684E /* Home.swift */; };
		0FD74B86291D49CC0006684E /* Feed.swift in Sources */ = {isa = PBXBuildFile; fileRef = 0FD74B85291D49CC0006684E /* Feed.swift */; };
		0FD74B88291D49D40006684E /* SearchView.swift in Sources */ = {isa = PBXBuildFile; fileRef = 0FD74B87291D49D40006684E /* SearchView.swift */; };
		0FD74B8A291D49DB0006684E /* NotificationsView.swift in Sources */ = {isa = PBXBuildFile; fileRef = 0FD74B89291D49DB0006684E /* NotificationsView.swift */; };
		0FD74B8C291D49E20006684E /* MessagesView.swift in Sources */ = {isa = PBXBuildFile; fileRef = 0FD74B8B291D49E20006684E /* MessagesView.swift */; };
		0FD74B8E291D4FF00006684E /* CreateTweetView.swift in Sources */ = {isa = PBXBuildFile; fileRef = 0FD74B8D291D4FF00006684E /* CreateTweetView.swift */; };
		0FD74B90291D51790006684E /* MultilineTextField.swift in Sources */ = {isa = PBXBuildFile; fileRef = 0FD74B8F291D51790006684E /* MultilineTextField.swift */; };
		0FD74B92291D55800006684E /* TweetCellView.swift in Sources */ = {isa = PBXBuildFile; fileRef = 0FD74B91291D55800006684E /* TweetCellView.swift */; };
		0FD74B94291D65230006684E /* SearchCell.swift in Sources */ = {isa = PBXBuildFile; fileRef = 0FD74B93291D65230006684E /* SearchCell.swift */; };
		0FD74B96291D65FB0006684E /* SearchBar.swift in Sources */ = {isa = PBXBuildFile; fileRef = 0FD74B95291D65FB0006684E /* SearchBar.swift */; };
		0FD74B98291D8F2B0006684E /* SearchUserCell.swift in Sources */ = {isa = PBXBuildFile; fileRef = 0FD74B97291D8F2B0006684E /* SearchUserCell.swift */; };
		0FD74B9A291D91B10006684E /* Extensions.swift in Sources */ = {isa = PBXBuildFile; fileRef = 0FD74B99291D91B10006684E /* Extensions.swift */; };
		0FD74B9C291D92F80006684E /* NotificationCell.swift in Sources */ = {isa = PBXBuildFile; fileRef = 0FD74B9B291D92F80006684E /* NotificationCell.swift */; };
		0FD74B9E291D95F40006684E /* MessageCell.swift in Sources */ = {isa = PBXBuildFile; fileRef = 0FD74B9D291D95F40006684E /* MessageCell.swift */; };
		0FD74BA0291D9BA30006684E /* TopBar.swift in Sources */ = {isa = PBXBuildFile; fileRef = 0FD74B9F291D9BA30006684E /* TopBar.swift */; };
		0FD74BA2291D9D610006684E /* MainView.swift in Sources */ = {isa = PBXBuildFile; fileRef = 0FD74BA1291D9D610006684E /* MainView.swift */; };
		0FD74BA4291E1E470006684E /* SlideMenu.swift in Sources */ = {isa = PBXBuildFile; fileRef = 0FD74BA3291E1E470006684E /* SlideMenu.swift */; };
		0FD74BA6291E1F810006684E /* FollowView.swift in Sources */ = {isa = PBXBuildFile; fileRef = 0FD74BA5291E1F810006684E /* FollowView.swift */; };
		0FD74BA8291E226E0006684E /* MenuButton.swift in Sources */ = {isa = PBXBuildFile; fileRef = 0FD74BA7291E226E0006684E /* MenuButton.swift */; };
		0FD74BAA291EA0250006684E /* UserProfile.swift in Sources */ = {isa = PBXBuildFile; fileRef = 0FD74BA9291EA0250006684E /* UserProfile.swift */; };
		0FD74BAC291EA34A0006684E /* BlurView.swift in Sources */ = {isa = PBXBuildFile; fileRef = 0FD74BAB291EA34A0006684E /* BlurView.swift */; };
		0FD74BAE291EAFA90006684E /* TabButton.swift in Sources */ = {isa = PBXBuildFile; fileRef = 0FD74BAD291EAFA90006684E /* TabButton.swift */; };
		0FD74BB0291FFA620006684E /* WelcomeView.swift in Sources */ = {isa = PBXBuildFile; fileRef = 0FD74BAF291FFA620006684E /* WelcomeView.swift */; };
		0FD74BB22920011B0006684E /* RegisterView.swift in Sources */ = {isa = PBXBuildFile; fileRef = 0FD74BB12920011B0006684E /* RegisterView.swift */; };
		0FD74BB4292002400006684E /* CustomAuthTextField.swift in Sources */ = {isa = PBXBuildFile; fileRef = 0FD74BB3292002400006684E /* CustomAuthTextField.swift */; };
		0FD74BB62920035C0006684E /* SecureAuthTextField.swift in Sources */ = {isa = PBXBuildFile; fileRef = 0FD74BB52920035C0006684E /* SecureAuthTextField.swift */; };
		0FD74BB8292005E20006684E /* LoginView.swift in Sources */ = {isa = PBXBuildFile; fileRef = 0FD74BB7292005E20006684E /* LoginView.swift */; };
/* End PBXBuildFile section */

/* Begin PBXFileReference section */
		0F79B01A292A0385009F57AE /* AuthViewModel.swift */ = {isa = PBXFileReference; lastKnownFileType = sourcecode.swift; path = AuthViewModel.swift; sourceTree = "<group>"; };
		0F79B01C292A038A009F57AE /* User.swift */ = {isa = PBXFileReference; lastKnownFileType = sourcecode.swift; path = User.swift; sourceTree = "<group>"; };
		0F79B01F292A0AF8009F57AE /* AuthServices.swift */ = {isa = PBXFileReference; lastKnownFileType = sourcecode.swift; path = AuthServices.swift; sourceTree = "<group>"; };
		0F79B022292A4307009F57AE /* Tweet.swift */ = {isa = PBXFileReference; lastKnownFileType = sourcecode.swift; path = Tweet.swift; sourceTree = "<group>"; };
		0F79B025292A43EE009F57AE /* CreateTweetViewModel.swift */ = {isa = PBXFileReference; lastKnownFileType = sourcecode.swift; path = CreateTweetViewModel.swift; sourceTree = "<group>"; };
		0F79B027292A44A9009F57AE /* RequestServices.swift */ = {isa = PBXFileReference; lastKnownFileType = sourcecode.swift; path = RequestServices.swift; sourceTree = "<group>"; };
		0F79B059292E4CFB009F57AE /* ImagePicker.swift */ = {isa = PBXFileReference; lastKnownFileType = sourcecode.swift; path = ImagePicker.swift; sourceTree = "<group>"; };
		0F79B05B292E54AF009F57AE /* ImageUploader.swift */ = {isa = PBXFileReference; lastKnownFileType = sourcecode.swift; path = ImageUploader.swift; sourceTree = "<group>"; };
		0F79B05E292E68AD009F57AE /* FeedViewModel.swift */ = {isa = PBXFileReference; lastKnownFileType = sourcecode.swift; path = FeedViewModel.swift; sourceTree = "<group>"; };
		0F79B060292E6DDC009F57AE /* TweetCellViewModel.swift */ = {isa = PBXFileReference; lastKnownFileType = sourcecode.swift; path = TweetCellViewModel.swift; sourceTree = "<group>"; };
		0FD74B63291D47950006684E /* Twitter-CloneSwiftUI.app */ = {isa = PBXFileReference; explicitFileType = wrapper.application; includeInIndex = 0; path = "Twitter-CloneSwiftUI.app"; sourceTree = BUILT_PRODUCTS_DIR; };
		0FD74B66291D47950006684E /* Twitter_CloneSwiftUIApp.swift */ = {isa = PBXFileReference; lastKnownFileType = sourcecode.swift; path = Twitter_CloneSwiftUIApp.swift; sourceTree = "<group>"; };
		0FD74B68291D47950006684E /* ContentView.swift */ = {isa = PBXFileReference; lastKnownFileType = sourcecode.swift; path = ContentView.swift; sourceTree = "<group>"; };
		0FD74B6A291D47950006684E /* Assets.xcassets */ = {isa = PBXFileReference; lastKnownFileType = folder.assetcatalog; path = Assets.xcassets; sourceTree = "<group>"; };
		0FD74B6D291D47950006684E /* Preview Assets.xcassets */ = {isa = PBXFileReference; lastKnownFileType = folder.assetcatalog; path = "Preview Assets.xcassets"; sourceTree = "<group>"; };
		0FD74B83291D48540006684E /* Home.swift */ = {isa = PBXFileReference; lastKnownFileType = sourcecode.swift; path = Home.swift; sourceTree = "<group>"; };
		0FD74B85291D49CC0006684E /* Feed.swift */ = {isa = PBXFileReference; lastKnownFileType = sourcecode.swift; path = Feed.swift; sourceTree = "<group>"; };
		0FD74B87291D49D40006684E /* SearchView.swift */ = {isa = PBXFileReference; lastKnownFileType = sourcecode.swift; path = SearchView.swift; sourceTree = "<group>"; };
		0FD74B89291D49DB0006684E /* NotificationsView.swift */ = {isa = PBXFileReference; lastKnownFileType = sourcecode.swift; path = NotificationsView.swift; sourceTree = "<group>"; };
		0FD74B8B291D49E20006684E /* MessagesView.swift */ = {isa = PBXFileReference; lastKnownFileType = sourcecode.swift; path = MessagesView.swift; sourceTree = "<group>"; };
		0FD74B8D291D4FF00006684E /* CreateTweetView.swift */ = {isa = PBXFileReference; lastKnownFileType = sourcecode.swift; path = CreateTweetView.swift; sourceTree = "<group>"; };
		0FD74B8F291D51790006684E /* MultilineTextField.swift */ = {isa = PBXFileReference; lastKnownFileType = sourcecode.swift; path = MultilineTextField.swift; sourceTree = "<group>"; };
		0FD74B91291D55800006684E /* TweetCellView.swift */ = {isa = PBXFileReference; lastKnownFileType = sourcecode.swift; path = TweetCellView.swift; sourceTree = "<group>"; };
		0FD74B93291D65230006684E /* SearchCell.swift */ = {isa = PBXFileReference; lastKnownFileType = sourcecode.swift; path = SearchCell.swift; sourceTree = "<group>"; };
		0FD74B95291D65FB0006684E /* SearchBar.swift */ = {isa = PBXFileReference; lastKnownFileType = sourcecode.swift; path = SearchBar.swift; sourceTree = "<group>"; };
		0FD74B97291D8F2B0006684E /* SearchUserCell.swift */ = {isa = PBXFileReference; lastKnownFileType = sourcecode.swift; path = SearchUserCell.swift; sourceTree = "<group>"; };
		0FD74B99291D91B10006684E /* Extensions.swift */ = {isa = PBXFileReference; lastKnownFileType = sourcecode.swift; path = Extensions.swift; sourceTree = "<group>"; };
		0FD74B9B291D92F80006684E /* NotificationCell.swift */ = {isa = PBXFileReference; lastKnownFileType = sourcecode.swift; path = NotificationCell.swift; sourceTree = "<group>"; };
		0FD74B9D291D95F40006684E /* MessageCell.swift */ = {isa = PBXFileReference; lastKnownFileType = sourcecode.swift; path = MessageCell.swift; sourceTree = "<group>"; };
		0FD74B9F291D9BA30006684E /* TopBar.swift */ = {isa = PBXFileReference; lastKnownFileType = sourcecode.swift; path = TopBar.swift; sourceTree = "<group>"; };
		0FD74BA1291D9D610006684E /* MainView.swift */ = {isa = PBXFileReference; lastKnownFileType = sourcecode.swift; path = MainView.swift; sourceTree = "<group>"; };
		0FD74BA3291E1E470006684E /* SlideMenu.swift */ = {isa = PBXFileReference; lastKnownFileType = sourcecode.swift; path = SlideMenu.swift; sourceTree = "<group>"; };
		0FD74BA5291E1F810006684E /* FollowView.swift */ = {isa = PBXFileReference; lastKnownFileType = sourcecode.swift; path = FollowView.swift; sourceTree = "<group>"; };
		0FD74BA7291E226E0006684E /* MenuButton.swift */ = {isa = PBXFileReference; lastKnownFileType = sourcecode.swift; path = MenuButton.swift; sourceTree = "<group>"; };
		0FD74BA9291EA0250006684E /* UserProfile.swift */ = {isa = PBXFileReference; lastKnownFileType = sourcecode.swift; path = UserProfile.swift; sourceTree = "<group>"; };
		0FD74BAB291EA34A0006684E /* BlurView.swift */ = {isa = PBXFileReference; lastKnownFileType = sourcecode.swift; path = BlurView.swift; sourceTree = "<group>"; };
		0FD74BAD291EAFA90006684E /* TabButton.swift */ = {isa = PBXFileReference; lastKnownFileType = sourcecode.swift; path = TabButton.swift; sourceTree = "<group>"; };
		0FD74BAF291FFA620006684E /* WelcomeView.swift */ = {isa = PBXFileReference; lastKnownFileType = sourcecode.swift; path = WelcomeView.swift; sourceTree = "<group>"; };
		0FD74BB12920011B0006684E /* RegisterView.swift */ = {isa = PBXFileReference; lastKnownFileType = sourcecode.swift; path = RegisterView.swift; sourceTree = "<group>"; };
		0FD74BB3292002400006684E /* CustomAuthTextField.swift */ = {isa = PBXFileReference; lastKnownFileType = sourcecode.swift; path = CustomAuthTextField.swift; sourceTree = "<group>"; };
		0FD74BB52920035C0006684E /* SecureAuthTextField.swift */ = {isa = PBXFileReference; lastKnownFileType = sourcecode.swift; path = SecureAuthTextField.swift; sourceTree = "<group>"; };
		0FD74BB7292005E20006684E /* LoginView.swift */ = {isa = PBXFileReference; lastKnownFileType = sourcecode.swift; path = LoginView.swift; sourceTree = "<group>"; };
/* End PBXFileReference section */

/* Begin PBXFrameworksBuildPhase section */
		0FD74B60291D47940006684E /* Frameworks */ = {
			isa = PBXFrameworksBuildPhase;
			buildActionMask = 2147483647;
			files = (
				0F79B064292E706C009F57AE /* Kingfisher in Frameworks */,
			);
			runOnlyForDeploymentPostprocessing = 0;
		};
/* End PBXFrameworksBuildPhase section */

/* Begin PBXGroup section */
		0F79B016292A0368009F57AE /* ViewModel */ = {
			isa = PBXGroup;
			children = (
				0F79B05D292E68A5009F57AE /* Feed */,
				0F79B024292A43A7009F57AE /* PostTweet */,
				0F79B021292A33CB009F57AE /* Authentication */,
			);
			path = ViewModel;
			sourceTree = "<group>";
		};
		0F79B019292A037B009F57AE /* Model */ = {
			isa = PBXGroup;
			children = (
				0F79B01C292A038A009F57AE /* User.swift */,
				0F79B022292A4307009F57AE /* Tweet.swift */,
			);
			path = Model;
			sourceTree = "<group>";
		};
		0F79B01E292A04A4009F57AE /* Services */ = {
			isa = PBXGroup;
			children = (
				0F79B01F292A0AF8009F57AE /* AuthServices.swift */,
				0F79B027292A44A9009F57AE /* RequestServices.swift */,
				0F79B05B292E54AF009F57AE /* ImageUploader.swift */,
			);
			path = Services;
			sourceTree = "<group>";
		};
		0F79B021292A33CB009F57AE /* Authentication */ = {
			isa = PBXGroup;
			children = (
				0F79B01A292A0385009F57AE /* AuthViewModel.swift */,
			);
			path = Authentication;
			sourceTree = "<group>";
		};
		0F79B024292A43A7009F57AE /* PostTweet */ = {
			isa = PBXGroup;
			children = (
				0F79B025292A43EE009F57AE /* CreateTweetViewModel.swift */,
			);
			path = PostTweet;
			sourceTree = "<group>";
		};
		0F79B05D292E68A5009F57AE /* Feed */ = {
			isa = PBXGroup;
			children = (
				0F79B05E292E68AD009F57AE /* FeedViewModel.swift */,
				0F79B060292E6DDC009F57AE /* TweetCellViewModel.swift */,
			);
			path = Feed;
			sourceTree = "<group>";
		};
		0FD74B5A291D47940006684E = {
			isa = PBXGroup;
			children = (
				0FD74B65291D47950006684E /* Twitter-CloneSwiftUI */,
				0FD74B64291D47950006684E /* Products */,
			);
			sourceTree = "<group>";
		};
		0FD74B64291D47950006684E /* Products */ = {
			isa = PBXGroup;
			children = (
				0FD74B63291D47950006684E /* Twitter-CloneSwiftUI.app */,
			);
			name = Products;
			sourceTree = "<group>";
		};
		0FD74B65291D47950006684E /* Twitter-CloneSwiftUI */ = {
			isa = PBXGroup;
			children = (
				0F79B01E292A04A4009F57AE /* Services */,
				0F79B019292A037B009F57AE /* Model */,
				0F79B016292A0368009F57AE /* ViewModel */,
				0FD74B78291D47E10006684E /* Extensions */,
				0FD74B74291D47C30006684E /* View */,
				0FD74B66291D47950006684E /* Twitter_CloneSwiftUIApp.swift */,
				0FD74B6A291D47950006684E /* Assets.xcassets */,
				0FD74B6C291D47950006684E /* Preview Content */,
			);
			path = "Twitter-CloneSwiftUI";
			sourceTree = "<group>";
		};
		0FD74B6C291D47950006684E /* Preview Content */ = {
			isa = PBXGroup;
			children = (
				0FD74B6D291D47950006684E /* Preview Assets.xcassets */,
			);
			path = "Preview Content";
			sourceTree = "<group>";
		};
		0FD74B74291D47C30006684E /* View */ = {
			isa = PBXGroup;
			children = (
				0FD74B82291D48320006684E /* Main */,
				0FD74B81291D482B0006684E /* Feed */,
				0FD74B80291D48250006684E /* Search */,
				0FD74B7F291D48200006684E /* Notifications */,
				0FD74B7E291D48180006684E /* Messages */,
				0FD74B7D291D48130006684E /* Authentication */,
				0FD74B7C291D480D0006684E /* Items */,
				0FD74B7B291D48090006684E /* Post */,
				0FD74B7A291D48040006684E /* Profile */,
			);
			path = View;
			sourceTree = "<group>";
		};
		0FD74B78291D47E10006684E /* Extensions */ = {
			isa = PBXGroup;
			children = (
				0FD74B99291D91B10006684E /* Extensions.swift */,
				0F79B059292E4CFB009F57AE /* ImagePicker.swift */,
			);
			path = Extensions;
			sourceTree = "<group>";
		};
		0FD74B7A291D48040006684E /* Profile */ = {
			isa = PBXGroup;
			children = (
				0FD74BA9291EA0250006684E /* UserProfile.swift */,
				0FD74BAB291EA34A0006684E /* BlurView.swift */,
			);
			path = Profile;
			sourceTree = "<group>";
		};
		0FD74B7B291D48090006684E /* Post */ = {
			isa = PBXGroup;
			children = (
				0FD74B8D291D4FF00006684E /* CreateTweetView.swift */,
			);
			path = Post;
			sourceTree = "<group>";
		};
		0FD74B7C291D480D0006684E /* Items */ = {
			isa = PBXGroup;
			children = (
				0FD74B8F291D51790006684E /* MultilineTextField.swift */,
				0FD74B95291D65FB0006684E /* SearchBar.swift */,
				0FD74BA5291E1F810006684E /* FollowView.swift */,
				0FD74BA7291E226E0006684E /* MenuButton.swift */,
				0FD74BAD291EAFA90006684E /* TabButton.swift */,
				0FD74BB3292002400006684E /* CustomAuthTextField.swift */,
				0FD74BB52920035C0006684E /* SecureAuthTextField.swift */,
			);
			path = Items;
			sourceTree = "<group>";
		};
		0FD74B7D291D48130006684E /* Authentication */ = {
			isa = PBXGroup;
			children = (
				0FD74B68291D47950006684E /* ContentView.swift */,
				0FD74BAF291FFA620006684E /* WelcomeView.swift */,
				0FD74BB12920011B0006684E /* RegisterView.swift */,
				0FD74BB7292005E20006684E /* LoginView.swift */,
			);
			path = Authentication;
			sourceTree = "<group>";
		};
		0FD74B7E291D48180006684E /* Messages */ = {
			isa = PBXGroup;
			children = (
				0FD74B8B291D49E20006684E /* MessagesView.swift */,
				0FD74B9D291D95F40006684E /* MessageCell.swift */,
			);
			path = Messages;
			sourceTree = "<group>";
		};
		0FD74B7F291D48200006684E /* Notifications */ = {
			isa = PBXGroup;
			children = (
				0FD74B89291D49DB0006684E /* NotificationsView.swift */,
				0FD74B9B291D92F80006684E /* NotificationCell.swift */,
			);
			path = Notifications;
			sourceTree = "<group>";
		};
		0FD74B80291D48250006684E /* Search */ = {
			isa = PBXGroup;
			children = (
				0FD74B87291D49D40006684E /* SearchView.swift */,
				0FD74B93291D65230006684E /* SearchCell.swift */,
				0FD74B97291D8F2B0006684E /* SearchUserCell.swift */,
			);
			path = Search;
			sourceTree = "<group>";
		};
		0FD74B81291D482B0006684E /* Feed */ = {
			isa = PBXGroup;
			children = (
				0FD74B85291D49CC0006684E /* Feed.swift */,
				0FD74B91291D55800006684E /* TweetCellView.swift */,
			);
			path = Feed;
			sourceTree = "<group>";
		};
		0FD74B82291D48320006684E /* Main */ = {
			isa = PBXGroup;
			children = (
				0FD74B83291D48540006684E /* Home.swift */,
				0FD74B9F291D9BA30006684E /* TopBar.swift */,
				0FD74BA1291D9D610006684E /* MainView.swift */,
				0FD74BA3291E1E470006684E /* SlideMenu.swift */,
			);
			path = Main;
			sourceTree = "<group>";
		};
/* End PBXGroup section */

/* Begin PBXNativeTarget section */
		0FD74B62291D47940006684E /* Twitter-CloneSwiftUI */ = {
			isa = PBXNativeTarget;
			buildConfigurationList = 0FD74B71291D47950006684E /* Build configuration list for PBXNativeTarget "Twitter-CloneSwiftUI" */;
			buildPhases = (
				0FD74B5F291D47940006684E /* Sources */,
				0FD74B60291D47940006684E /* Frameworks */,
				0FD74B61291D47940006684E /* Resources */,
			);
			buildRules = (
			);
			dependencies = (
			);
			name = "Twitter-CloneSwiftUI";
			packageProductDependencies = (
				0F79B063292E706C009F57AE /* Kingfisher */,
			);
			productName = "Twitter-CloneSwiftUI";
			productReference = 0FD74B63291D47950006684E /* Twitter-CloneSwiftUI.app */;
			productType = "com.apple.product-type.application";
		};
/* End PBXNativeTarget section */

/* Begin PBXProject section */
		0FD74B5B291D47940006684E /* Project object */ = {
			isa = PBXProject;
			attributes = {
				BuildIndependentTargetsInParallel = 1;
				LastSwiftUpdateCheck = 1400;
				LastUpgradeCheck = 1400;
				TargetAttributes = {
					0FD74B62291D47940006684E = {
						CreatedOnToolsVersion = 14.0.1;
					};
				};
			};
			buildConfigurationList = 0FD74B5E291D47940006684E /* Build configuration list for PBXProject "Twitter-CloneSwiftUI" */;
			compatibilityVersion = "Xcode 14.0";
			developmentRegion = en;
			hasScannedForEncodings = 0;
			knownRegions = (
				en,
				Base,
			);
			mainGroup = 0FD74B5A291D47940006684E;
			packageReferences = (
				0F79B062292E706C009F57AE /* XCRemoteSwiftPackageReference "Kingfisher" */,
			);
			productRefGroup = 0FD74B64291D47950006684E /* Products */;
			projectDirPath = "";
			projectRoot = "";
			targets = (
				0FD74B62291D47940006684E /* Twitter-CloneSwiftUI */,
			);
		};
/* End PBXProject section */

/* Begin PBXResourcesBuildPhase section */
		0FD74B61291D47940006684E /* Resources */ = {
			isa = PBXResourcesBuildPhase;
			buildActionMask = 2147483647;
			files = (
				0FD74B6E291D47950006684E /* Preview Assets.xcassets in Resources */,
				0FD74B6B291D47950006684E /* Assets.xcassets in Resources */,
			);
			runOnlyForDeploymentPostprocessing = 0;
		};
/* End PBXResourcesBuildPhase section */

/* Begin PBXSourcesBuildPhase section */
		0FD74B5F291D47940006684E /* Sources */ = {
			isa = PBXSourcesBuildPhase;
			buildActionMask = 2147483647;
			files = (
				0F79B05F292E68AD009F57AE /* FeedViewModel.swift in Sources */,
				0FD74B92291D55800006684E /* TweetCellView.swift in Sources */,
				0FD74BB8292005E20006684E /* LoginView.swift in Sources */,
				0FD74BA2291D9D610006684E /* MainView.swift in Sources */,
				0F79B020292A0AF8009F57AE /* AuthServices.swift in Sources */,
				0FD74BAC291EA34A0006684E /* BlurView.swift in Sources */,
				0F79B01D292A038A009F57AE /* User.swift in Sources */,
				0FD74BA8291E226E0006684E /* MenuButton.swift in Sources */,
				0FD74B9E291D95F40006684E /* MessageCell.swift in Sources */,
				0FD74B94291D65230006684E /* SearchCell.swift in Sources */,
				0FD74B8E291D4FF00006684E /* CreateTweetView.swift in Sources */,
				0FD74BA4291E1E470006684E /* SlideMenu.swift in Sources */,
				0FD74B88291D49D40006684E /* SearchView.swift in Sources */,
				0FD74B98291D8F2B0006684E /* SearchUserCell.swift in Sources */,
				0FD74B69291D47950006684E /* ContentView.swift in Sources */,
				0FD74B96291D65FB0006684E /* SearchBar.swift in Sources */,
				0FD74B86291D49CC0006684E /* Feed.swift in Sources */,
				0FD74BA0291D9BA30006684E /* TopBar.swift in Sources */,
				0FD74B84291D48540006684E /* Home.swift in Sources */,
				0FD74BB4292002400006684E /* CustomAuthTextField.swift in Sources */,
				0FD74BB22920011B0006684E /* RegisterView.swift in Sources */,
				0FD74BA6291E1F810006684E /* FollowView.swift in Sources */,
				0F79B05A292E4CFB009F57AE /* ImagePicker.swift in Sources */,
				0F79B023292A4307009F57AE /* Tweet.swift in Sources */,
				0FD74B8C291D49E20006684E /* MessagesView.swift in Sources */,
				0F79B028292A44A9009F57AE /* RequestServices.swift in Sources */,
				0F79B01B292A0385009F57AE /* AuthViewModel.swift in Sources */,
				0FD74BAA291EA0250006684E /* UserProfile.swift in Sources */,
				0FD74B90291D51790006684E /* MultilineTextField.swift in Sources */,
				0FD74B67291D47950006684E /* Twitter_CloneSwiftUIApp.swift in Sources */,
				0FD74BB62920035C0006684E /* SecureAuthTextField.swift in Sources */,
				0FD74BB0291FFA620006684E /* WelcomeView.swift in Sources */,
				0FD74B8A291D49DB0006684E /* NotificationsView.swift in Sources */,
				0F79B026292A43EE009F57AE /* CreateTweetViewModel.swift in Sources */,
				0FD74BAE291EAFA90006684E /* TabButton.swift in Sources */,
				0F79B05C292E54AF009F57AE /* ImageUploader.swift in Sources */,
				0F79B061292E6DDC009F57AE /* TweetCellViewModel.swift in Sources */,
				0FD74B9C291D92F80006684E /* NotificationCell.swift in Sources */,
				0FD74B9A291D91B10006684E /* Extensions.swift in Sources */,
			);
			runOnlyForDeploymentPostprocessing = 0;
		};
/* End PBXSourcesBuildPhase section */

/* Begin XCBuildConfiguration section */
		0FD74B6F291D47950006684E /* Debug */ = {
			isa = XCBuildConfiguration;
			buildSettings = {
				ALWAYS_SEARCH_USER_PATHS = NO;
				CLANG_ANALYZER_NONNULL = YES;
				CLANG_ANALYZER_NUMBER_OBJECT_CONVERSION = YES_AGGRESSIVE;
				CLANG_CXX_LANGUAGE_STANDARD = "gnu++20";
				CLANG_ENABLE_MODULES = YES;
				CLANG_ENABLE_OBJC_ARC = YES;
				CLANG_ENABLE_OBJC_WEAK = YES;
				CLANG_WARN_BLOCK_CAPTURE_AUTORELEASING = YES;
				CLANG_WARN_BOOL_CONVERSION = YES;
				CLANG_WARN_COMMA = YES;
				CLANG_WARN_CONSTANT_CONVERSION = YES;
				CLANG_WARN_DEPRECATED_OBJC_IMPLEMENTATIONS = YES;
				CLANG_WARN_DIRECT_OBJC_ISA_USAGE = YES_ERROR;
				CLANG_WARN_DOCUMENTATION_COMMENTS = YES;
				CLANG_WARN_EMPTY_BODY = YES;
				CLANG_WARN_ENUM_CONVERSION = YES;
				CLANG_WARN_INFINITE_RECURSION = YES;
				CLANG_WARN_INT_CONVERSION = YES;
				CLANG_WARN_NON_LITERAL_NULL_CONVERSION = YES;
				CLANG_WARN_OBJC_IMPLICIT_RETAIN_SELF = YES;
				CLANG_WARN_OBJC_LITERAL_CONVERSION = YES;
				CLANG_WARN_OBJC_ROOT_CLASS = YES_ERROR;
				CLANG_WARN_QUOTED_INCLUDE_IN_FRAMEWORK_HEADER = YES;
				CLANG_WARN_RANGE_LOOP_ANALYSIS = YES;
				CLANG_WARN_STRICT_PROTOTYPES = YES;
				CLANG_WARN_SUSPICIOUS_MOVE = YES;
				CLANG_WARN_UNGUARDED_AVAILABILITY = YES_AGGRESSIVE;
				CLANG_WARN_UNREACHABLE_CODE = YES;
				CLANG_WARN__DUPLICATE_METHOD_MATCH = YES;
				COPY_PHASE_STRIP = NO;
				DEBUG_INFORMATION_FORMAT = dwarf;
				ENABLE_STRICT_OBJC_MSGSEND = YES;
				ENABLE_TESTABILITY = YES;
				GCC_C_LANGUAGE_STANDARD = gnu11;
				GCC_DYNAMIC_NO_PIC = NO;
				GCC_NO_COMMON_BLOCKS = YES;
				GCC_OPTIMIZATION_LEVEL = 0;
				GCC_PREPROCESSOR_DEFINITIONS = (
					"DEBUG=1",
					"$(inherited)",
				);
				GCC_WARN_64_TO_32_BIT_CONVERSION = YES;
				GCC_WARN_ABOUT_RETURN_TYPE = YES_ERROR;
				GCC_WARN_UNDECLARED_SELECTOR = YES;
				GCC_WARN_UNINITIALIZED_AUTOS = YES_AGGRESSIVE;
				GCC_WARN_UNUSED_FUNCTION = YES;
				GCC_WARN_UNUSED_VARIABLE = YES;
				IPHONEOS_DEPLOYMENT_TARGET = 16.0;
				MTL_ENABLE_DEBUG_INFO = INCLUDE_SOURCE;
				MTL_FAST_MATH = YES;
				ONLY_ACTIVE_ARCH = YES;
				SDKROOT = iphoneos;
				SWIFT_ACTIVE_COMPILATION_CONDITIONS = DEBUG;
				SWIFT_OPTIMIZATION_LEVEL = "-Onone";
			};
			name = Debug;
		};
		0FD74B70291D47950006684E /* Release */ = {
			isa = XCBuildConfiguration;
			buildSettings = {
				ALWAYS_SEARCH_USER_PATHS = NO;
				CLANG_ANALYZER_NONNULL = YES;
				CLANG_ANALYZER_NUMBER_OBJECT_CONVERSION = YES_AGGRESSIVE;
				CLANG_CXX_LANGUAGE_STANDARD = "gnu++20";
				CLANG_ENABLE_MODULES = YES;
				CLANG_ENABLE_OBJC_ARC = YES;
				CLANG_ENABLE_OBJC_WEAK = YES;
				CLANG_WARN_BLOCK_CAPTURE_AUTORELEASING = YES;
				CLANG_WARN_BOOL_CONVERSION = YES;
				CLANG_WARN_COMMA = YES;
				CLANG_WARN_CONSTANT_CONVERSION = YES;
				CLANG_WARN_DEPRECATED_OBJC_IMPLEMENTATIONS = YES;
				CLANG_WARN_DIRECT_OBJC_ISA_USAGE = YES_ERROR;
				CLANG_WARN_DOCUMENTATION_COMMENTS = YES;
				CLANG_WARN_EMPTY_BODY = YES;
				CLANG_WARN_ENUM_CONVERSION = YES;
				CLANG_WARN_INFINITE_RECURSION = YES;
				CLANG_WARN_INT_CONVERSION = YES;
				CLANG_WARN_NON_LITERAL_NULL_CONVERSION = YES;
				CLANG_WARN_OBJC_IMPLICIT_RETAIN_SELF = YES;
				CLANG_WARN_OBJC_LITERAL_CONVERSION = YES;
				CLANG_WARN_OBJC_ROOT_CLASS = YES_ERROR;
				CLANG_WARN_QUOTED_INCLUDE_IN_FRAMEWORK_HEADER = YES;
				CLANG_WARN_RANGE_LOOP_ANALYSIS = YES;
				CLANG_WARN_STRICT_PROTOTYPES = YES;
				CLANG_WARN_SUSPICIOUS_MOVE = YES;
				CLANG_WARN_UNGUARDED_AVAILABILITY = YES_AGGRESSIVE;
				CLANG_WARN_UNREACHABLE_CODE = YES;
				CLANG_WARN__DUPLICATE_METHOD_MATCH = YES;
				COPY_PHASE_STRIP = NO;
				DEBUG_INFORMATION_FORMAT = "dwarf-with-dsym";
				ENABLE_NS_ASSERTIONS = NO;
				ENABLE_STRICT_OBJC_MSGSEND = YES;
				GCC_C_LANGUAGE_STANDARD = gnu11;
				GCC_NO_COMMON_BLOCKS = YES;
				GCC_WARN_64_TO_32_BIT_CONVERSION = YES;
				GCC_WARN_ABOUT_RETURN_TYPE = YES_ERROR;
				GCC_WARN_UNDECLARED_SELECTOR = YES;
				GCC_WARN_UNINITIALIZED_AUTOS = YES_AGGRESSIVE;
				GCC_WARN_UNUSED_FUNCTION = YES;
				GCC_WARN_UNUSED_VARIABLE = YES;
				IPHONEOS_DEPLOYMENT_TARGET = 16.0;
				MTL_ENABLE_DEBUG_INFO = NO;
				MTL_FAST_MATH = YES;
				SDKROOT = iphoneos;
				SWIFT_COMPILATION_MODE = wholemodule;
				SWIFT_OPTIMIZATION_LEVEL = "-O";
				VALIDATE_PRODUCT = YES;
			};
			name = Release;
		};
		0FD74B72291D47950006684E /* Debug */ = {
			isa = XCBuildConfiguration;
			buildSettings = {
				ASSETCATALOG_COMPILER_APPICON_NAME = AppIcon;
				ASSETCATALOG_COMPILER_GLOBAL_ACCENT_COLOR_NAME = AccentColor;
				CODE_SIGN_STYLE = Automatic;
				CURRENT_PROJECT_VERSION = 1;
				DEVELOPMENT_ASSET_PATHS = "\"Twitter-CloneSwiftUI/Preview Content\"";
				DEVELOPMENT_TEAM = 6THYPFX676;
				ENABLE_PREVIEWS = YES;
				GENERATE_INFOPLIST_FILE = YES;
				INFOPLIST_KEY_UIApplicationSceneManifest_Generation = YES;
				INFOPLIST_KEY_UIApplicationSupportsIndirectInputEvents = YES;
				INFOPLIST_KEY_UILaunchScreen_Generation = YES;
				INFOPLIST_KEY_UISupportedInterfaceOrientations_iPad = "UIInterfaceOrientationPortrait UIInterfaceOrientationPortraitUpsideDown UIInterfaceOrientationLandscapeLeft UIInterfaceOrientationLandscapeRight";
				INFOPLIST_KEY_UISupportedInterfaceOrientations_iPhone = "UIInterfaceOrientationPortrait UIInterfaceOrientationLandscapeLeft UIInterfaceOrientationLandscapeRight";
				LD_RUNPATH_SEARCH_PATHS = (
					"$(inherited)",
					"@executable_path/Frameworks",
				);
				MARKETING_VERSION = 1.0;
				PRODUCT_BUNDLE_IDENTIFIER = "com.eyditye.Twitter-CloneSwiftUI";
				PRODUCT_NAME = "$(TARGET_NAME)";
				SWIFT_EMIT_LOC_STRINGS = YES;
				SWIFT_VERSION = 5.0;
				TARGETED_DEVICE_FAMILY = "1,2";
			};
			name = Debug;
		};
		0FD74B73291D47950006684E /* Release */ = {
			isa = XCBuildConfiguration;
			buildSettings = {
				ASSETCATALOG_COMPILER_APPICON_NAME = AppIcon;
				ASSETCATALOG_COMPILER_GLOBAL_ACCENT_COLOR_NAME = AccentColor;
				CODE_SIGN_STYLE = Automatic;
				CURRENT_PROJECT_VERSION = 1;
				DEVELOPMENT_ASSET_PATHS = "\"Twitter-CloneSwiftUI/Preview Content\"";
				DEVELOPMENT_TEAM = 6THYPFX676;
				ENABLE_PREVIEWS = YES;
				GENERATE_INFOPLIST_FILE = YES;
				INFOPLIST_KEY_UIApplicationSceneManifest_Generation = YES;
				INFOPLIST_KEY_UIApplicationSupportsIndirectInputEvents = YES;
				INFOPLIST_KEY_UILaunchScreen_Generation = YES;
				INFOPLIST_KEY_UISupportedInterfaceOrientations_iPad = "UIInterfaceOrientationPortrait UIInterfaceOrientationPortraitUpsideDown UIInterfaceOrientationLandscapeLeft UIInterfaceOrientationLandscapeRight";
				INFOPLIST_KEY_UISupportedInterfaceOrientations_iPhone = "UIInterfaceOrientationPortrait UIInterfaceOrientationLandscapeLeft UIInterfaceOrientationLandscapeRight";
				LD_RUNPATH_SEARCH_PATHS = (
					"$(inherited)",
					"@executable_path/Frameworks",
				);
				MARKETING_VERSION = 1.0;
				PRODUCT_BUNDLE_IDENTIFIER = "com.eyditye.Twitter-CloneSwiftUI";
				PRODUCT_NAME = "$(TARGET_NAME)";
				SWIFT_EMIT_LOC_STRINGS = YES;
				SWIFT_VERSION = 5.0;
				TARGETED_DEVICE_FAMILY = "1,2";
			};
			name = Release;
		};
/* End XCBuildConfiguration section */

/* Begin XCConfigurationList section */
		0FD74B5E291D47940006684E /* Build configuration list for PBXProject "Twitter-CloneSwiftUI" */ = {
			isa = XCConfigurationList;
			buildConfigurations = (
				0FD74B6F291D47950006684E /* Debug */,
				0FD74B70291D47950006684E /* Release */,
			);
			defaultConfigurationIsVisible = 0;
			defaultConfigurationName = Release;
		};
		0FD74B71291D47950006684E /* Build configuration list for PBXNativeTarget "Twitter-CloneSwiftUI" */ = {
			isa = XCConfigurationList;
			buildConfigurations = (
				0FD74B72291D47950006684E /* Debug */,
				0FD74B73291D47950006684E /* Release */,
			);
			defaultConfigurationIsVisible = 0;
			defaultConfigurationName = Release;
		};
/* End XCConfigurationList section */

/* Begin XCRemoteSwiftPackageReference section */
		0F79B062292E706C009F57AE /* XCRemoteSwiftPackageReference "Kingfisher" */ = {
			isa = XCRemoteSwiftPackageReference;
			repositoryURL = "https://github.com/onevcat/Kingfisher.git";
			requirement = {
				branch = master;
				kind = branch;
			};
		};
/* End XCRemoteSwiftPackageReference section */

/* Begin XCSwiftPackageProductDependency section */
		0F79B063292E706C009F57AE /* Kingfisher */ = {
			isa = XCSwiftPackageProductDependency;
			package = 0F79B062292E706C009F57AE /* XCRemoteSwiftPackageReference "Kingfisher" */;
			productName = Kingfisher;
		};
/* End XCSwiftPackageProductDependency section */
	};
	rootObject = 0FD74B5B291D47940006684E /* Project object */;
}
